# This file is automatically @generated by Cargo.
# It is not intended for manual editing.
version = 4

[[package]]
name = "acpi"
version = "5.2.0"
source = "registry+https://github.com/rust-lang/crates.io-index"
checksum = "94476c7ef97af4c4d998b3f422c1b01d5211aad57c80ed200baf148d1f1efab6"
dependencies = [
 "bit_field",
 "bitflags 2.9.1",
 "log",
]

[[package]]
name = "ahci"
version = "0.1.0"
dependencies = [
 "async-lock",
 "ata",
 "atomic",
 "bitflags 2.9.1",
 "cast_trait_object",
 "futures",
 "hootux",
 "log",
 "spin 0.9.8",
 "volatile 0.4.6",
]

[[package]]
name = "async-lock"
version = "3.4.0"
source = "registry+https://github.com/rust-lang/crates.io-index"
checksum = "ff6e472cdea888a4bd64f342f09b3f50e1886d32afe8df3d663c01140b811b18"
dependencies = [
 "event-listener",
 "event-listener-strategy",
 "pin-project-lite",
]

[[package]]
name = "ata"
version = "0.1.0"
dependencies = [
 "bitflags 2.9.1",
 "num_enum 0.6.1",
]

[[package]]
name = "atomic"
version = "0.5.3"
source = "registry+https://github.com/rust-lang/crates.io-index"
checksum = "c59bdb34bc650a32731b31bd8f0829cc15d24a708ee31559e0bb34f2bc320cba"

[[package]]
name = "autocfg"
version = "1.3.0"
source = "registry+https://github.com/rust-lang/crates.io-index"
checksum = "0c4b4d0bd25bd0b74681c0ad21497610ce1b7c91b1022cd21c80c6fbdd9476b0"

[[package]]
name = "bdf"
version = "0.7.0"
source = "git+https://github.com/meh/rust-bdf#2eceb6634bf4932cc877a69d574c86994c0cf883"
dependencies = [
 "bit-set",
 "thiserror",
]

[[package]]
name = "bit-set"
version = "0.5.3"
source = "registry+https://github.com/rust-lang/crates.io-index"
checksum = "0700ddab506f33b20a03b13996eccd309a48e5ff77d0d95926aa0210fb4e95f1"
dependencies = [
 "bit-vec",
]

[[package]]
name = "bit-vec"
version = "0.6.3"
source = "registry+https://github.com/rust-lang/crates.io-index"
checksum = "349f9b6a179ed607305526ca489b34ad0a41aed5f7980fa90eb03160b69598fb"

[[package]]
name = "bit_field"
version = "0.10.2"
source = "registry+https://github.com/rust-lang/crates.io-index"
checksum = "dc827186963e592360843fb5ba4b973e145841266c1357f7180c43526f2e5b61"

[[package]]
name = "bitfield"
version = "0.19.1"
source = "registry+https://github.com/rust-lang/crates.io-index"
checksum = "db1bcd90f88eabbf0cadbfb87a45bceeaebcd3b4bc9e43da379cd2ef0162590d"
dependencies = [
 "bitfield-macros",
]

[[package]]
name = "bitfield-macros"
version = "0.19.1"
source = "registry+https://github.com/rust-lang/crates.io-index"
checksum = "3787a07661997bfc05dd3431e379c0188573f78857080cf682e1393ab8e4d64c"
dependencies = [
 "proc-macro2",
 "quote",
 "syn 2.0.100",
]

[[package]]
name = "bitflags"
version = "1.3.2"
source = "registry+https://github.com/rust-lang/crates.io-index"
checksum = "bef38d45163c2f1dde094a7dfd33ccf595c92905c8f8f4fdc18d06fb1037718a"

[[package]]
name = "bitflags"
version = "2.9.1"
source = "registry+https://github.com/rust-lang/crates.io-index"
checksum = "1b8e56985ec62d17e9c1001dc89c88ecd7dc08e47eba5ec7c29c7b5eeecde967"

[[package]]
name = "bitmap-fontgen"
version = "0.1.0"
source = "git+https://github.com/an-owl/bitmap-fontgen#b1a357c74e757491d325aa3b8b4ef5551c541818"
dependencies = [
 "bdf",
 "phf",
 "phf_codegen",
 "phf_shared",
]

[[package]]
name = "camino"
version = "1.1.6"
source = "registry+https://github.com/rust-lang/crates.io-index"
checksum = "c59e92b5a388f549b863a7bea62612c09f24c8393560709a54558a9abdfb3b9c"
dependencies = [
 "serde",
]

[[package]]
name = "cargo-platform"
version = "0.1.8"
source = "registry+https://github.com/rust-lang/crates.io-index"
checksum = "24b1f0365a6c6bb4020cd05806fd0d33c44d38046b8bd7f0e40814b9763cabfc"
dependencies = [
 "serde",
]

[[package]]
name = "cargo_metadata"
version = "0.18.1"
source = "registry+https://github.com/rust-lang/crates.io-index"
checksum = "2d886547e41f740c616ae73108f6eb70afe6d940c7bc697cb30f13daec073037"
dependencies = [
 "camino",
 "cargo-platform",
 "semver",
 "serde",
 "serde_json",
 "thiserror",
]

[[package]]
name = "cast_trait_object"
version = "0.1.4"
source = "registry+https://github.com/rust-lang/crates.io-index"
checksum = "7b57511ad5efa2778f663d23d4ec563916f0da63dc3dcc0e898535149c1937db"
dependencies = [
 "cast_trait_object_macros",
]

[[package]]
name = "cast_trait_object_macros"
version = "0.1.4"
source = "registry+https://github.com/rust-lang/crates.io-index"
checksum = "26e9e0d94b70a03eb44b8c7fbed28e3647ef2282c29a6033ecd7bea438e323b1"
dependencies = [
 "either",
 "proc-macro-crate",
 "proc-macro2",
 "quote",
 "syn 2.0.100",
]

[[package]]
name = "cfg-if"
version = "1.0.0"
source = "registry+https://github.com/rust-lang/crates.io-index"
checksum = "baf1de4339761588bc0619e3cbc0120ee582ebb74b53b4efbf79117bd2da40fd"

[[package]]
name = "common"
version = "0.1.0"

[[package]]
name = "concurrent-queue"
version = "2.5.0"
source = "registry+https://github.com/rust-lang/crates.io-index"
checksum = "4ca0197aee26d1ae37445ee532fefce43251d24cc7c166799f4d46817f1d3973"
dependencies = [
 "crossbeam-utils",
]

[[package]]
name = "conquer-once"
version = "0.3.2"
source = "registry+https://github.com/rust-lang/crates.io-index"
checksum = "7c6d3a9775a69f6d1fe2cc888999b67ed30257d3da4d2af91984e722f2ec918a"
dependencies = [
 "conquer-util",
]

[[package]]
name = "conquer-util"
version = "0.3.0"
source = "registry+https://github.com/rust-lang/crates.io-index"
checksum = "e763eef8846b13b380f37dfecda401770b0ca4e56e95170237bd7c25c7db3582"

[[package]]
name = "crossbeam-queue"
version = "0.3.11"
source = "registry+https://github.com/rust-lang/crates.io-index"
checksum = "df0346b5d5e76ac2fe4e327c5fd1118d6be7c51dfb18f9b7922923f287471e35"
dependencies = [
 "crossbeam-utils",
]

[[package]]
name = "crossbeam-utils"
version = "0.8.19"
source = "registry+https://github.com/rust-lang/crates.io-index"
checksum = "248e3bacc7dc6baa3b21e405ee045c3047101a49145e7e9eca583ab4c2ca5345"

[[package]]
name = "daemonize"
version = "0.5.0"
source = "registry+https://github.com/rust-lang/crates.io-index"
checksum = "ab8bfdaacb3c887a54d41bdf48d3af8873b3f5566469f8ba21b92057509f116e"
dependencies = [
 "libc",
]

[[package]]
name = "derivative"
version = "2.2.0"
source = "registry+https://github.com/rust-lang/crates.io-index"
checksum = "fcc3dd5e9e9c0b295d6e1e4d811fb6f157d5ffd784b8d202fc62eac8035a770b"
dependencies = [
 "proc-macro2",
 "quote",
 "syn 1.0.109",
]

[[package]]
name = "derive_more"
version = "0.99.17"
source = "registry+https://github.com/rust-lang/crates.io-index"
checksum = "4fb810d30a7c1953f91334de7244731fc3f3c10d7fe163338a35b9f640960321"
dependencies = [
 "proc-macro2",
 "quote",
 "syn 1.0.109",
]

[[package]]
name = "derive_more"
version = "1.0.0"
source = "registry+https://github.com/rust-lang/crates.io-index"
checksum = "4a9b99b9cbbe49445b21764dc0625032a89b145a2642e67603e1c936f5458d05"
dependencies = [
 "derive_more-impl",
]

[[package]]
name = "derive_more-impl"
version = "1.0.0"
source = "registry+https://github.com/rust-lang/crates.io-index"
checksum = "cb7330aeadfbe296029522e6c40f315320aba36fc43a5b3632f3795348f3bd22"
dependencies = [
 "proc-macro2",
 "quote",
 "syn 2.0.100",
 "unicode-xid",
]

[[package]]
name = "ehci"
version = "0.1.0"
dependencies = [
 "bitfield",
 "bitflags 2.9.1",
 "common",
 "log",
 "num_enum 0.7.4",
 "volatile 0.6.1",
]

[[package]]
name = "either"
version = "1.13.0"
source = "registry+https://github.com/rust-lang/crates.io-index"
checksum = "60b1af1c220855b6ceac025d3f6ecdd2b7c4894bfe9cd9bda4fbb4bc7c0d4cf0"

[[package]]
name = "equivalent"
version = "1.0.1"
source = "registry+https://github.com/rust-lang/crates.io-index"
checksum = "5443807d6dff69373d433ab9ef5378ad8df50ca6298caf15de6e52e24aaf54d5"

[[package]]
name = "event-listener"
version = "5.4.0"
source = "registry+https://github.com/rust-lang/crates.io-index"
checksum = "3492acde4c3fc54c845eaab3eed8bd00c7a7d881f78bfc801e43a93dec1331ae"
dependencies = [
 "concurrent-queue",
 "pin-project-lite",
]

[[package]]
name = "event-listener-strategy"
version = "0.5.3"
source = "registry+https://github.com/rust-lang/crates.io-index"
checksum = "3c3e4e0dd3673c1139bf041f3008816d9cf2946bbfac2945c09e523b8d7b05b2"
dependencies = [
 "event-listener",
 "pin-project-lite",
]

[[package]]
name = "futures"
version = "0.3.30"
source = "registry+https://github.com/rust-lang/crates.io-index"
checksum = "645c6916888f6cb6350d2550b80fb63e734897a8498abe35cfb732b6487804b0"
dependencies = [
 "futures-channel",
 "futures-core",
 "futures-io",
 "futures-sink",
 "futures-task",
 "futures-util",
]

[[package]]
name = "futures-channel"
version = "0.3.30"
source = "registry+https://github.com/rust-lang/crates.io-index"
checksum = "eac8f7d7865dcb88bd4373ab671c8cf4508703796caa2b1985a9ca867b3fcb78"
dependencies = [
 "futures-core",
 "futures-sink",
]

[[package]]
name = "futures-core"
version = "0.3.31"
source = "registry+https://github.com/rust-lang/crates.io-index"
checksum = "05f29059c0c2090612e8d742178b0580d2dc940c837851ad723096f87af6663e"

[[package]]
name = "futures-io"
version = "0.3.30"
source = "registry+https://github.com/rust-lang/crates.io-index"
checksum = "a44623e20b9681a318efdd71c299b6b222ed6f231972bfe2f224ebad6311f0c1"

[[package]]
name = "futures-macro"
version = "0.3.31"
source = "registry+https://github.com/rust-lang/crates.io-index"
checksum = "162ee34ebcb7c64a8abebc059ce0fee27c2262618d7b60ed8faf72fef13c3650"
dependencies = [
 "proc-macro2",
 "quote",
 "syn 2.0.100",
]

[[package]]
name = "futures-sink"
version = "0.3.31"
source = "registry+https://github.com/rust-lang/crates.io-index"
checksum = "e575fab7d1e0dcb8d0c7bcf9a63ee213816ab51902e6d244a95819acacf1d4f7"

[[package]]
name = "futures-task"
version = "0.3.31"
source = "registry+https://github.com/rust-lang/crates.io-index"
checksum = "f90f7dce0722e95104fcb095585910c0977252f286e354b5e3bd38902cd99988"

[[package]]
name = "futures-util"
version = "0.3.31"
source = "registry+https://github.com/rust-lang/crates.io-index"
checksum = "9fa08315bb612088cc391249efdc3bc77536f16c91f6cf495e6fbe85b20a4a81"
dependencies = [
 "futures-core",
 "futures-macro",
 "futures-sink",
 "futures-task",
 "pin-project-lite",
 "pin-utils",
]

[[package]]
name = "getopts"
version = "0.2.21"
source = "registry+https://github.com/rust-lang/crates.io-index"
checksum = "14dbbfd5c71d70241ecf9e6f13737f7b5ce823821063188d7e46c41d371eebd5"
dependencies = [
 "unicode-width",
]

[[package]]
name = "hashbrown"
version = "0.15.2"
source = "registry+https://github.com/rust-lang/crates.io-index"
checksum = "bf151400ff0baff5465007dd2f3e717f3fe502074ca563069ce3a6629d07b289"

[[package]]
name = "hatcher"
version = "0.1.0"
dependencies = [
 "cfg-if",
 "multiboot2 0.23.1",
 "ranges",
 "suffix",
 "uefi",
 "x86_64",
]

[[package]]
name = "hid-8042"
version = "0.1.0"
dependencies = [
 "bitflags 2.9.1",
]

[[package]]
name = "hid-ps2"
version = "0.1.0"
dependencies = [
 "async-lock",
 "atomic",
 "cast_trait_object",
 "futures-util",
 "hid-8042",
 "hootux",
 "log",
 "pc-keyboard 0.8.0",
 "spin 0.9.8",
 "x86_64",
]

[[package]]
name = "hootux"
version = "0.1.0"
dependencies = [
 "acpi",
 "async-lock",
 "atomic",
 "bitflags 2.9.1",
 "bitmap-fontgen",
 "cast_trait_object",
 "cfg-if",
 "conquer-once",
 "crossbeam-queue",
 "futures-util",
 "hatcher",
 "kernel-proc-macro",
 "lazy_static",
 "linked_list_allocator",
 "log",
 "marker_maker",
 "modular-bitfield",
 "pc-keyboard 0.5.1",
 "pic8259",
 "raw-cpuid 11.2.0",
 "regex",
 "slablike",
 "spin 0.9.8",
 "suffix",
 "uart_16550",
 "ustar",
 "volatile 0.4.6",
 "x86_64",
 "x86_msr",
]

[[package]]
name = "hootux-bin"
version = "0.1.0"
dependencies = [
 "acpi",
 "ahci",
 "cast_trait_object",
 "futures-util",
 "hatcher",
 "hid-ps2",
 "hootux",
 "kernel-proc-macro",
 "log",
 "multiboot2-header",
 "usb",
 "ustar",
 "x86_64",
]

[[package]]
name = "hootux-loader"
version = "0.1.0"
dependencies = [
 "cargo_metadata",
 "daemonize",
 "getopts",
 "toml",
]

[[package]]
name = "indexmap"
version = "2.7.1"
source = "registry+https://github.com/rust-lang/crates.io-index"
checksum = "8c9c992b02b5b4c94ea26e32fe5bccb7aa7d9f390ab5c1221ff895bc7ea8b652"
dependencies = [
 "equivalent",
 "hashbrown",
]

[[package]]
name = "itoa"
version = "1.0.11"
source = "registry+https://github.com/rust-lang/crates.io-index"
checksum = "49f1f14873335454500d59611f1cf4a4b0f786f9ac11f4312a78e4cf2566695b"

[[package]]
name = "kernel-proc-macro"
version = "0.1.0"
dependencies = [
 "proc-macro2",
 "quote",
 "syn 2.0.100",
]

[[package]]
name = "lazy_static"
version = "1.4.0"
source = "registry+https://github.com/rust-lang/crates.io-index"
checksum = "e2abad23fbc42b3700f2f279844dc832adb2b2eb069b2df918f455c4e18cc646"
dependencies = [
 "spin 0.5.2",
]

[[package]]
name = "libc"
version = "0.2.154"
source = "registry+https://github.com/rust-lang/crates.io-index"
checksum = "ae743338b92ff9146ce83992f766a31066a91a8c84a45e0e9f21e7cf6de6d346"

[[package]]
name = "linked_list_allocator"
version = "0.9.1"
source = "registry+https://github.com/rust-lang/crates.io-index"
checksum = "549ce1740e46b291953c4340adcd74c59bcf4308f4cac050fd33ba91b7168f4a"
dependencies = [
 "spinning_top",
]

[[package]]
name = "lock_api"
version = "0.4.13"
source = "registry+https://github.com/rust-lang/crates.io-index"
checksum = "96936507f153605bddfcda068dd804796c84324ed2510809e5b2a624c81da765"
dependencies = [
 "autocfg",
 "scopeguard",
]

[[package]]
name = "log"
version = "0.4.27"
source = "registry+https://github.com/rust-lang/crates.io-index"
checksum = "13dc2df351e3202783a1fe0d44375f7295ffb4049267b0f3018346dc122a1d94"

[[package]]
name = "marker_maker"
version = "0.1.0"
source = "git+https://github.com/an-owl/marker-maker#387bcb3426964dc83508bfa816f705ba1d3489db"
dependencies = [
 "proc-macro2",
 "quote",
 "syn 2.0.100",
]

[[package]]
name = "memchr"
version = "2.7.2"
source = "registry+https://github.com/rust-lang/crates.io-index"
checksum = "6c8640c5d730cb13ebd907d8d04b52f55ac9a2eec55b440c8892f40d56c76c1d"

[[package]]
name = "modular-bitfield"
version = "0.11.2"
source = "registry+https://github.com/rust-lang/crates.io-index"
checksum = "a53d79ba8304ac1c4f9eb3b9d281f21f7be9d4626f72ce7df4ad8fbde4f38a74"
dependencies = [
 "modular-bitfield-impl",
 "static_assertions",
]

[[package]]
name = "modular-bitfield-impl"
version = "0.11.2"
source = "registry+https://github.com/rust-lang/crates.io-index"
checksum = "5a7d5f7076603ebc68de2dc6a650ec331a062a13abaa346975be747bbfa4b789"
dependencies = [
 "proc-macro2",
 "quote",
 "syn 1.0.109",
]

[[package]]
name = "multiboot2"
version = "0.20.0"
source = "registry+https://github.com/rust-lang/crates.io-index"
checksum = "3d67e1b461b49127f2226c78a2b4090f72212c44fa27342bcfef93dd39bd6b86"
dependencies = [
 "bitflags 2.9.1",
 "derive_more 0.99.17",
 "log",
 "ptr_meta",
 "uefi-raw 0.5.2",
]

[[package]]
name = "multiboot2"
version = "0.23.1"
source = "registry+https://github.com/rust-lang/crates.io-index"
checksum = "43fcee184de68e344a888bc4f2b9d6b2f2f527cae8cedbb4d62a4df727d1ceae"
dependencies = [
 "bitflags 2.9.1",
 "derive_more 1.0.0",
 "log",
 "multiboot2-common",
 "ptr_meta",
 "uefi-raw 0.8.0",
]

[[package]]
name = "multiboot2-common"
version = "0.2.1"
source = "registry+https://github.com/rust-lang/crates.io-index"
checksum = "fbabf8d9980d55576ba487924fa0b9a467fc0012b996b93d2319904f168ed8ab"
dependencies = [
 "derive_more 1.0.0",
 "ptr_meta",
]

[[package]]
name = "multiboot2-header"
version = "0.4.0"
source = "registry+https://github.com/rust-lang/crates.io-index"
checksum = "e8bc033c3c641faa8b8a6fecaa6eec912f25ec7056d35d0332a03c626bd750ba"
dependencies = [
 "derive_more 0.99.17",
 "multiboot2 0.20.0",
]

[[package]]
name = "num_enum"
version = "0.6.1"
source = "registry+https://github.com/rust-lang/crates.io-index"
checksum = "7a015b430d3c108a207fd776d2e2196aaf8b1cf8cf93253e3a097ff3085076a1"
dependencies = [
 "num_enum_derive 0.6.1",
]

[[package]]
name = "num_enum"
version = "0.7.4"
source = "registry+https://github.com/rust-lang/crates.io-index"
checksum = "a973b4e44ce6cad84ce69d797acf9a044532e4184c4f267913d1b546a0727b7a"
dependencies = [
 "num_enum_derive 0.7.4",
 "rustversion",
]

[[package]]
name = "num_enum_derive"
version = "0.6.1"
source = "registry+https://github.com/rust-lang/crates.io-index"
checksum = "96667db765a921f7b295ffee8b60472b686a51d4f21c2ee4ffdb94c7013b65a6"
dependencies = [
 "proc-macro2",
 "quote",
 "syn 2.0.100",
]

[[package]]
name = "num_enum_derive"
version = "0.7.4"
source = "registry+https://github.com/rust-lang/crates.io-index"
checksum = "77e878c846a8abae00dd069496dbe8751b16ac1c3d6bd2a7283a938e8228f90d"
dependencies = [
 "proc-macro2",
 "quote",
 "syn 2.0.100",
]

[[package]]
name = "pc-keyboard"
version = "0.5.1"
source = "registry+https://github.com/rust-lang/crates.io-index"
checksum = "5c6f2d937e3b8d63449b01401e2bae4041bc9dd1129c2e3e0d239407cf6635ac"

[[package]]
name = "pc-keyboard"
version = "0.8.0"
source = "registry+https://github.com/rust-lang/crates.io-index"
checksum = "f0ca629cbb3f0d5b699c338f0129ff78c9bfd7ea8b1258ad529bff490dc8ed5a"

[[package]]
name = "phf"
version = "0.11.2"
source = "registry+https://github.com/rust-lang/crates.io-index"
checksum = "ade2d8b8f33c7333b51bcf0428d37e217e9f32192ae4772156f65063b8ce03dc"
dependencies = [
 "phf_shared",
]

[[package]]
name = "phf_codegen"
version = "0.11.2"
source = "registry+https://github.com/rust-lang/crates.io-index"
checksum = "e8d39688d359e6b34654d328e262234662d16cc0f60ec8dcbe5e718709342a5a"
dependencies = [
 "phf_generator",
 "phf_shared",
]

[[package]]
name = "phf_generator"
version = "0.11.2"
source = "registry+https://github.com/rust-lang/crates.io-index"
checksum = "48e4cc64c2ad9ebe670cb8fd69dd50ae301650392e81c05f9bfcb2d5bdbc24b0"
dependencies = [
 "phf_shared",
 "rand",
]

[[package]]
name = "phf_shared"
version = "0.11.2"
source = "registry+https://github.com/rust-lang/crates.io-index"
checksum = "90fcb95eef784c2ac79119d1dd819e162b5da872ce6f3c3abe1e8ca1c082f72b"
dependencies = [
 "siphasher",
]

[[package]]
name = "pic8259"
version = "0.11.0"
source = "registry+https://github.com/rust-lang/crates.io-index"
checksum = "62d9a86c292b165f757e47e7fd66855def189b2564609bc4203727b27c33db22"
dependencies = [
 "x86_64",
]

[[package]]
name = "pin-project-lite"
version = "0.2.14"
source = "registry+https://github.com/rust-lang/crates.io-index"
checksum = "bda66fc9667c18cb2758a2ac84d1167245054bcf85d5d1aaa6923f45801bdd02"

[[package]]
name = "pin-utils"
version = "0.1.0"
source = "registry+https://github.com/rust-lang/crates.io-index"
checksum = "8b870d8c151b6f2fb93e84a13146138f05d02ed11c7e7c54f8826aaaf7c9f184"

[[package]]
name = "proc-macro-crate"
version = "3.2.0"
source = "registry+https://github.com/rust-lang/crates.io-index"
checksum = "8ecf48c7ca261d60b74ab1a7b20da18bede46776b2e55535cb958eb595c5fa7b"
dependencies = [
 "toml_edit 0.22.24",
]

[[package]]
name = "proc-macro2"
version = "1.0.94"
source = "registry+https://github.com/rust-lang/crates.io-index"
checksum = "a31971752e70b8b2686d7e46ec17fb38dad4051d94024c88df49b667caea9c84"
dependencies = [
 "unicode-ident",
]

[[package]]
name = "ptr_meta"
version = "0.2.0"
source = "registry+https://github.com/rust-lang/crates.io-index"
checksum = "bcada80daa06c42ed5f48c9a043865edea5dc44cbf9ac009fda3b89526e28607"
dependencies = [
 "ptr_meta_derive",
]

[[package]]
name = "ptr_meta_derive"
version = "0.2.0"
source = "registry+https://github.com/rust-lang/crates.io-index"
checksum = "bca9224df2e20e7c5548aeb5f110a0f3b77ef05f8585139b7148b59056168ed2"
dependencies = [
 "proc-macro2",
 "quote",
 "syn 1.0.109",
]

[[package]]
name = "quote"
version = "1.0.40"
source = "registry+https://github.com/rust-lang/crates.io-index"
checksum = "1885c039570dc00dcb4ff087a89e185fd56bae234ddc7f056a945bf36467248d"
dependencies = [
 "proc-macro2",
]

[[package]]
name = "rand"
version = "0.8.5"
source = "registry+https://github.com/rust-lang/crates.io-index"
checksum = "34af8d1a0e25924bc5b7c43c079c942339d8f0a8b57c39049bef581b46327404"
dependencies = [
 "rand_core",
]

[[package]]
name = "rand_core"
version = "0.6.4"
source = "registry+https://github.com/rust-lang/crates.io-index"
checksum = "ec0be4795e2f6a28069bec0b5ff3e2ac9bafc99e6a9a7dc3547996c5c816922c"

[[package]]
name = "ranges"
version = "0.4.0"
source = "registry+https://github.com/rust-lang/crates.io-index"
checksum = "350932f7e8b2d0333d2537f42671a837473576c00e128fbee84c819ea08783b5"

[[package]]
name = "raw-cpuid"
version = "10.7.0"
source = "registry+https://github.com/rust-lang/crates.io-index"
checksum = "6c297679cb867470fa8c9f67dbba74a78d78e3e98d7cf2b08d6d71540f797332"
dependencies = [
 "bitflags 1.3.2",
]

[[package]]
name = "raw-cpuid"
version = "11.2.0"
source = "registry+https://github.com/rust-lang/crates.io-index"
checksum = "1ab240315c661615f2ee9f0f2cd32d5a7343a84d5ebcccb99d46e6637565e7b0"
dependencies = [
 "bitflags 2.9.1",
]

[[package]]
name = "regex"
version = "1.11.1"
source = "registry+https://github.com/rust-lang/crates.io-index"
checksum = "b544ef1b4eac5dc2db33ea63606ae9ffcfac26c1416a2806ae0bf5f56b201191"
dependencies = [
 "regex-automata",
 "regex-syntax",
]

[[package]]
name = "regex-automata"
version = "0.4.9"
source = "registry+https://github.com/rust-lang/crates.io-index"
checksum = "809e8dc61f6de73b46c85f4c96486310fe304c434cfa43669d7b40f711150908"
dependencies = [
 "regex-syntax",
]

[[package]]
name = "regex-syntax"
version = "0.8.5"
source = "registry+https://github.com/rust-lang/crates.io-index"
checksum = "2b15c43186be67a4fd63bee50d0303afffcef381492ebe2c5d87f324e1b8815c"

[[package]]
name = "rustversion"
version = "1.0.16"
source = "registry+https://github.com/rust-lang/crates.io-index"
checksum = "092474d1a01ea8278f69e6a358998405fae5b8b963ddaeb2b0b04a128bf1dfb0"

[[package]]
name = "ryu"
version = "1.0.18"
source = "registry+https://github.com/rust-lang/crates.io-index"
checksum = "f3cb5ba0dc43242ce17de99c180e96db90b235b8a9fdc9543c96d2209116bd9f"

[[package]]
name = "scopeguard"
version = "1.2.0"
source = "registry+https://github.com/rust-lang/crates.io-index"
checksum = "94143f37725109f92c262ed2cf5e59bce7498c01bcc1502d7b9afe439a4e9f49"

[[package]]
name = "semver"
version = "1.0.23"
source = "registry+https://github.com/rust-lang/crates.io-index"
checksum = "61697e0a1c7e512e84a621326239844a24d8207b4669b41bc18b32ea5cbf988b"
dependencies = [
 "serde",
]

[[package]]
name = "serde"
version = "1.0.201"
source = "registry+https://github.com/rust-lang/crates.io-index"
checksum = "780f1cebed1629e4753a1a38a3c72d30b97ec044f0aef68cb26650a3c5cf363c"
dependencies = [
 "serde_derive",
]

[[package]]
name = "serde_derive"
version = "1.0.201"
source = "registry+https://github.com/rust-lang/crates.io-index"
checksum = "c5e405930b9796f1c00bee880d03fc7e0bb4b9a11afc776885ffe84320da2865"
dependencies = [
 "proc-macro2",
 "quote",
 "syn 2.0.100",
]

[[package]]
name = "serde_json"
version = "1.0.117"
source = "registry+https://github.com/rust-lang/crates.io-index"
checksum = "455182ea6142b14f93f4bc5320a2b31c1f266b66a4a5c858b013302a5d8cbfc3"
dependencies = [
 "itoa",
 "ryu",
 "serde",
]

[[package]]
name = "serde_spanned"
version = "0.6.5"
source = "registry+https://github.com/rust-lang/crates.io-index"
checksum = "eb3622f419d1296904700073ea6cc23ad690adbd66f13ea683df73298736f0c1"
dependencies = [
 "serde",
]

[[package]]
name = "siphasher"
version = "0.3.11"
source = "registry+https://github.com/rust-lang/crates.io-index"
checksum = "38b58827f4464d87d377d175e90bf58eb00fd8716ff0a62f80356b5e61555d0d"

[[package]]
name = "slablike"
version = "0.1.0"
source = "git+https://github.com/an-owl/slablike-allocator#a36d3f143797f5d5052398b0628f6721cb2cdf2d"
dependencies = [
 "spin 0.9.8",
]

[[package]]
name = "spin"
version = "0.5.2"
source = "registry+https://github.com/rust-lang/crates.io-index"
checksum = "6e63cff320ae2c57904679ba7cb63280a3dc4613885beafb148ee7bf9aa9042d"

[[package]]
name = "spin"
version = "0.9.8"
source = "registry+https://github.com/rust-lang/crates.io-index"
checksum = "6980e8d7511241f8acf4aebddbb1ff938df5eebe98691418c4468d0b72a96a67"
dependencies = [
 "lock_api",
]

[[package]]
name = "spin"
version = "0.10.0"
source = "registry+https://github.com/rust-lang/crates.io-index"
checksum = "d5fe4ccb98d9c292d56fec89a5e07da7fc4cf0dc11e156b41793132775d3e591"
dependencies = [
 "lock_api",
]

[[package]]
name = "spinning_top"
version = "0.2.5"
source = "registry+https://github.com/rust-lang/crates.io-index"
checksum = "5b9eb1a2f4c41445a3a0ff9abc5221c5fcd28e1f13cd7c0397706f9ac938ddb0"
dependencies = [
 "lock_api",
]

[[package]]
name = "static_assertions"
version = "1.1.0"
source = "registry+https://github.com/rust-lang/crates.io-index"
checksum = "a2eb9349b6444b326872e140eb1cf5e7c522154d69e7a0ffb0fb81c06b37543f"

[[package]]
name = "suffix"
version = "0.0.0"
source = "git+https://github.com/an-owl/suffix#7c05f3884298888e6b62f57c23c99c1d61ec8ddd"
dependencies = [
 "proc-macro2",
 "quote",
 "syn 2.0.100",
]

[[package]]
name = "syn"
version = "1.0.109"
source = "registry+https://github.com/rust-lang/crates.io-index"
checksum = "72b64191b275b66ffe2469e8af2c1cfe3bafa67b529ead792a6d0160888b4237"
dependencies = [
 "proc-macro2",
 "quote",
 "unicode-ident",
]

[[package]]
name = "syn"
version = "2.0.100"
source = "registry+https://github.com/rust-lang/crates.io-index"
checksum = "b09a44accad81e1ba1cd74a32461ba89dee89095ba17b32f5d03683b1b1fc2a0"
dependencies = [
 "proc-macro2",
 "quote",
 "unicode-ident",
]

[[package]]
name = "thiserror"
version = "1.0.60"
source = "registry+https://github.com/rust-lang/crates.io-index"
checksum = "579e9083ca58dd9dcf91a9923bb9054071b9ebbd800b342194c9feb0ee89fc18"
dependencies = [
 "thiserror-impl",
]

[[package]]
name = "thiserror-impl"
version = "1.0.60"
source = "registry+https://github.com/rust-lang/crates.io-index"
checksum = "e2470041c06ec3ac1ab38d0356a6119054dedaea53e12fbefc0de730a1c08524"
dependencies = [
 "proc-macro2",
 "quote",
 "syn 2.0.100",
]

[[package]]
name = "toml"
version = "0.7.8"
source = "registry+https://github.com/rust-lang/crates.io-index"
checksum = "dd79e69d3b627db300ff956027cc6c3798cef26d22526befdfcd12feeb6d2257"
dependencies = [
 "serde",
 "serde_spanned",
 "toml_datetime",
 "toml_edit 0.19.15",
]

[[package]]
name = "toml_datetime"
version = "0.6.8"
source = "registry+https://github.com/rust-lang/crates.io-index"
checksum = "0dd7358ecb8fc2f8d014bf86f6f638ce72ba252a2c3a2572f2a795f1d23efb41"
dependencies = [
 "serde",
]

[[package]]
name = "toml_edit"
version = "0.19.15"
source = "registry+https://github.com/rust-lang/crates.io-index"
checksum = "1b5bb770da30e5cbfde35a2d7b9b8a2c4b8ef89548a7a6aeab5c9a576e3e7421"
dependencies = [
 "indexmap",
 "serde",
 "serde_spanned",
 "toml_datetime",
 "winnow 0.5.40",
]

[[package]]
name = "toml_edit"
version = "0.22.24"
source = "registry+https://github.com/rust-lang/crates.io-index"
checksum = "17b4795ff5edd201c7cd6dca065ae59972ce77d1b80fa0a84d94950ece7d1474"
dependencies = [
 "indexmap",
 "toml_datetime",
 "winnow 0.7.2",
]

[[package]]
name = "uart_16550"
version = "0.3.1"
source = "registry+https://github.com/rust-lang/crates.io-index"
checksum = "4922792855b1bce30997fbaa5418597902c278a92d20dfe348e6f062c3bd861d"
dependencies = [
 "bitflags 2.9.1",
 "rustversion",
 "x86",
]

[[package]]
name = "ucs2"
version = "0.3.3"
source = "registry+https://github.com/rust-lang/crates.io-index"
checksum = "df79298e11f316400c57ec268f3c2c29ac3c4d4777687955cd3d4f3a35ce7eba"
dependencies = [
 "bit_field",
]

[[package]]
name = "uefi"
version = "0.27.0"
source = "registry+https://github.com/rust-lang/crates.io-index"
checksum = "89ee9c34c612d45735fef4c478450cd2a1e64e59ad1e5988e5024af53914a854"
dependencies = [
 "bitflags 2.9.1",
 "log",
 "ptr_meta",
 "ucs2",
 "uefi-macros",
 "uefi-raw 0.5.2",
 "uguid",
]

[[package]]
name = "uefi-macros"
version = "0.13.0"
source = "registry+https://github.com/rust-lang/crates.io-index"
checksum = "26a7b1c2c808c3db854a54d5215e3f7e7aaf5dcfbce095598cba6af29895695d"
dependencies = [
 "proc-macro2",
 "quote",
 "syn 2.0.100",
]

[[package]]
name = "uefi-raw"
version = "0.5.2"
source = "registry+https://github.com/rust-lang/crates.io-index"
checksum = "efa8716f52e8cab8bcedfd5052388a0f263b69fe5cc2561548dc6a530678333c"
dependencies = [
 "bitflags 2.9.1",
 "ptr_meta",
 "uguid",
]

[[package]]
name = "uefi-raw"
version = "0.8.0"
source = "registry+https://github.com/rust-lang/crates.io-index"
checksum = "b463030b802e1265a3800fab24df95d3229c202c2e408832a206f05b4d1496ca"
dependencies = [
 "bitflags 2.9.1",
 "ptr_meta",
 "uguid",
]

[[package]]
name = "uguid"
version = "2.2.0"
source = "registry+https://github.com/rust-lang/crates.io-index"
checksum = "ab14ea9660d240e7865ce9d54ecdbd1cd9fa5802ae6f4512f093c7907e921533"

[[package]]
name = "unicode-ident"
version = "1.0.12"
source = "registry+https://github.com/rust-lang/crates.io-index"
checksum = "3354b9ac3fae1ff6755cb6db53683adb661634f67557942dea4facebec0fee4b"

[[package]]
name = "unicode-width"
version = "0.1.12"
source = "registry+https://github.com/rust-lang/crates.io-index"
checksum = "68f5e5f3158ecfd4b8ff6fe086db7c8467a2dfdac97fe420f2b7c4aa97af66d6"

[[package]]
name = "unicode-xid"
version = "0.2.6"
source = "registry+https://github.com/rust-lang/crates.io-index"
checksum = "ebc1c04c71510c7f702b52b7c350734c9ff1295c464a03335b00bb84fc54f853"

[[package]]
name = "usb"
version = "0.1.0"
dependencies = [
 "async-lock",
 "bitfield",
 "bitflags 2.9.1",
 "cast_trait_object",
 "common",
 "derivative",
 "ehci",
 "futures-util",
 "hootux",
 "log",
 "spin 0.10.0",
 "suffix",
 "usb-cfg",
 "volatile 0.6.1",
 "x86_64",
]

[[package]]
name = "usb-cfg"
version = "0.1.0"
dependencies = [
 "bitfield",
 "bitflags 2.9.1",
]

[[package]]
name = "ustar"
version = "0.1.0"
source = "git+https://github.com/an-owl/ustar#073d3fbe7a22e53f1ab12979b9aa478849d08562"
dependencies = [
 "log",
]

[[package]]
name = "volatile"
version = "0.4.6"
source = "registry+https://github.com/rust-lang/crates.io-index"
checksum = "442887c63f2c839b346c192d047a7c87e73d0689c9157b00b53dcc27dd5ea793"

[[package]]
name = "volatile"
version = "0.6.1"
source = "registry+https://github.com/rust-lang/crates.io-index"
checksum = "af8ca9a5d4debca0633e697c88269395493cebf2e10db21ca2dbde37c1356452"
dependencies = [
 "volatile-macro",
]

[[package]]
name = "volatile-macro"
version = "0.6.0"
source = "registry+https://github.com/rust-lang/crates.io-index"
checksum = "65c67ce935f3b4329e473ecaff7bab444fcdc3d1d19f8bae61fabfa90b84f93e"
dependencies = [
 "proc-macro2",
 "quote",
 "syn 2.0.100",
]

[[package]]
name = "winnow"
version = "0.5.40"
source = "registry+https://github.com/rust-lang/crates.io-index"
checksum = "f593a95398737aeed53e489c785df13f3618e41dbcd6718c6addbf1395aa6876"
dependencies = [
 "memchr",
]

[[package]]
name = "winnow"
version = "0.7.2"
source = "registry+https://github.com/rust-lang/crates.io-index"
checksum = "59690dea168f2198d1a3b0cac23b8063efcd11012f10ae4698f284808c8ef603"
dependencies = [
 "memchr",
]

[[package]]
name = "x86"
version = "0.52.0"
source = "registry+https://github.com/rust-lang/crates.io-index"
checksum = "2781db97787217ad2a2845c396a5efe286f87467a5810836db6d74926e94a385"
dependencies = [
 "bit_field",
 "bitflags 1.3.2",
 "raw-cpuid 10.7.0",
]

[[package]]
name = "x86_64"
version = "0.15.2"
source = "registry+https://github.com/rust-lang/crates.io-index"
checksum = "0f042214de98141e9c8706e8192b73f56494087cc55ebec28ce10f26c5c364ae"
dependencies = [
 "bit_field",
 "bitflags 2.9.1",
 "rustversion",
 "volatile 0.4.6",
]

[[package]]
name = "x86_msr"
version = "0.1.0"
dependencies = [
 "bitflags 1.3.2",
 "lazy_static",
 "num_enum 0.7.4",
 "raw-cpuid 10.7.0",
]
