# This file is automatically @generated by Cargo.
# It is not intended for manual editing.
version = 3

[[package]]
name = "acpi"
version = "5.0.0"
source = "registry+https://github.com/rust-lang/crates.io-index"
checksum = "e248409195304021f61b39ba2628f62a45a3abf6119669d44b3399d60eabe4c3"
dependencies = [
 "bit_field",
 "log",
]

[[package]]
name = "ahci"
version = "0.1.0"
dependencies = [
 "ata",
 "atomic",
 "bitflags 2.2.1",
 "futures",
 "hootux",
 "log",
 "spin 0.9.8",
 "volatile",
]

[[package]]
name = "anyhow"
version = "1.0.68"
source = "registry+https://github.com/rust-lang/crates.io-index"
checksum = "2cb2f989d18dd141ab8ae82f64d1a8cdd37e0840f73a406896cf5e99502fab61"

[[package]]
name = "async-channel"
version = "1.8.0"
source = "registry+https://github.com/rust-lang/crates.io-index"
checksum = "cf46fee83e5ccffc220104713af3292ff9bc7c64c7de289f66dae8e38d826833"
dependencies = [
 "concurrent-queue",
 "event-listener",
 "futures-core",
]

[[package]]
name = "async-io"
version = "1.12.0"
source = "registry+https://github.com/rust-lang/crates.io-index"
checksum = "8c374dda1ed3e7d8f0d9ba58715f924862c63eae6849c92d3a18e7fbde9e2794"
dependencies = [
 "async-lock",
 "autocfg",
 "concurrent-queue",
 "futures-lite",
 "libc",
 "log",
 "parking",
 "polling",
 "slab",
 "socket2",
 "waker-fn",
 "windows-sys 0.42.0",
]

[[package]]
name = "async-lock"
version = "2.7.0"
source = "registry+https://github.com/rust-lang/crates.io-index"
checksum = "fa24f727524730b077666307f2734b4a1a1c57acb79193127dcc8914d5242dd7"
dependencies = [
 "event-listener",
]

[[package]]
name = "async-process"
version = "1.6.0"
source = "registry+https://github.com/rust-lang/crates.io-index"
checksum = "6381ead98388605d0d9ff86371043b5aa922a3905824244de40dc263a14fcba4"
dependencies = [
 "async-io",
 "async-lock",
 "autocfg",
 "blocking",
 "cfg-if",
 "event-listener",
 "futures-lite",
 "libc",
 "signal-hook",
 "windows-sys 0.42.0",
]

[[package]]
name = "async-task"
version = "4.3.0"
source = "registry+https://github.com/rust-lang/crates.io-index"
checksum = "7a40729d2133846d9ed0ea60a8b9541bccddab49cd30f0715a1da672fe9a2524"

[[package]]
name = "ata"
version = "0.1.0"
dependencies = [
 "bitflags 2.2.1",
 "num_enum 0.6.1",
]

[[package]]
name = "atomic"
version = "0.5.3"
source = "registry+https://github.com/rust-lang/crates.io-index"
checksum = "c59bdb34bc650a32731b31bd8f0829cc15d24a708ee31559e0bb34f2bc320cba"

[[package]]
name = "atomic-waker"
version = "1.1.0"
source = "registry+https://github.com/rust-lang/crates.io-index"
checksum = "debc29dde2e69f9e47506b525f639ed42300fc014a3e007832592448fa8e4599"

[[package]]
name = "autocfg"
version = "1.1.0"
source = "registry+https://github.com/rust-lang/crates.io-index"
checksum = "d468802bab17cbc0cc575e9b053f41e72aa36bfa6b7f55e3529ffa43161b97fa"

[[package]]
name = "bdf"
version = "0.6.0"
source = "registry+https://github.com/rust-lang/crates.io-index"
checksum = "f550a6818e6f42ccd5883f44e45fff4f68415a0d09abdc81e7d1d78e0780af14"
dependencies = [
 "bit-set",
 "thiserror",
]

[[package]]
name = "bincode"
version = "1.3.3"
source = "registry+https://github.com/rust-lang/crates.io-index"
checksum = "b1f45e9417d87227c7a56d22e471c6206462cba514c7590c09aff4cf6d1ddcad"
dependencies = [
 "serde",
]

[[package]]
name = "bit-set"
version = "0.3.0"
source = "registry+https://github.com/rust-lang/crates.io-index"
checksum = "84527c7b0452f22545cc010e72d366a435561d2b28b978035550b3778c4d428d"
dependencies = [
 "bit-vec",
]

[[package]]
name = "bit-vec"
version = "0.6.3"
source = "registry+https://github.com/rust-lang/crates.io-index"
checksum = "349f9b6a179ed607305526ca489b34ad0a41aed5f7980fa90eb03160b69598fb"

[[package]]
name = "bit_field"
version = "0.10.2"
source = "registry+https://github.com/rust-lang/crates.io-index"
checksum = "dc827186963e592360843fb5ba4b973e145841266c1357f7180c43526f2e5b61"

[[package]]
name = "bitflags"
version = "1.3.2"
source = "registry+https://github.com/rust-lang/crates.io-index"
checksum = "bef38d45163c2f1dde094a7dfd33ccf595c92905c8f8f4fdc18d06fb1037718a"

[[package]]
name = "bitflags"
version = "2.2.1"
source = "registry+https://github.com/rust-lang/crates.io-index"
checksum = "24a6904aef64d73cf10ab17ebace7befb918b82164785cb89907993be7f83813"

[[package]]
name = "bitmap-fontgen"
version = "0.1.0"
dependencies = [
 "bdf",
 "phf",
 "phf_codegen",
 "phf_shared",
]

[[package]]
name = "bitvec"
version = "1.0.1"
source = "registry+https://github.com/rust-lang/crates.io-index"
checksum = "1bc2832c24239b0141d5674bb9174f9d68a8b5b3f2753311927c172ca46f7e9c"
dependencies = [
 "funty",
 "radium",
 "tap",
 "wyz",
]

[[package]]
name = "blocking"
version = "1.3.0"
source = "registry+https://github.com/rust-lang/crates.io-index"
checksum = "3c67b173a56acffd6d2326fb7ab938ba0b00a71480e14902b2591c87bc5741e8"
dependencies = [
 "async-channel",
 "async-lock",
 "async-task",
 "atomic-waker",
 "fastrand",
 "futures-lite",
]

[[package]]
name = "bootloader"
version = "0.11.4"
dependencies = [
 "anyhow",
 "async-process",
 "bootloader-boot-config",
 "fatfs",
 "futures",
 "futures-concurrency",
 "gpt",
 "llvm-tools",
 "mbrman",
 "serde_json",
 "tempfile",
]

[[package]]
name = "bootloader-boot-config"
version = "0.11.4"
dependencies = [
 "serde",
]

[[package]]
name = "bootloader-locator"
version = "0.0.4"
source = "registry+https://github.com/rust-lang/crates.io-index"
checksum = "aaaa9db3339d32c2622f2e5d0731eb82a468d3439797c9d4fe426744fe2bd551"
dependencies = [
 "json",
]

[[package]]
name = "bootloader_api"
version = "0.11.4"
source = "registry+https://github.com/rust-lang/crates.io-index"
checksum = "88f843888771a490c3ad246e58bf25e62da70d2c653d74a3eca92acbab599e02"

[[package]]
name = "build_const"
version = "0.2.2"
source = "registry+https://github.com/rust-lang/crates.io-index"
checksum = "b4ae4235e6dac0694637c763029ecea1a2ec9e4e06ec2729bd21ba4d9c863eb7"

[[package]]
name = "byteorder"
version = "1.4.3"
source = "registry+https://github.com/rust-lang/crates.io-index"
checksum = "14c189c53d098945499cdfa7ecc63567cf3886b3332b312a5b4585d8d3a6a610"

[[package]]
name = "cfg-if"
version = "1.0.0"
source = "registry+https://github.com/rust-lang/crates.io-index"
checksum = "baf1de4339761588bc0619e3cbc0120ee582ebb74b53b4efbf79117bd2da40fd"

[[package]]
name = "concurrent-queue"
version = "2.1.0"
source = "registry+https://github.com/rust-lang/crates.io-index"
checksum = "c278839b831783b70278b14df4d45e1beb1aad306c07bb796637de9a0e323e8e"
dependencies = [
 "crossbeam-utils",
]

[[package]]
name = "conquer-once"
version = "0.3.2"
source = "registry+https://github.com/rust-lang/crates.io-index"
checksum = "7c6d3a9775a69f6d1fe2cc888999b67ed30257d3da4d2af91984e722f2ec918a"
dependencies = [
 "conquer-util",
]

[[package]]
name = "conquer-util"
version = "0.3.0"
source = "registry+https://github.com/rust-lang/crates.io-index"
checksum = "e763eef8846b13b380f37dfecda401770b0ca4e56e95170237bd7c25c7db3582"

[[package]]
name = "crc"
version = "1.8.1"
source = "registry+https://github.com/rust-lang/crates.io-index"
checksum = "d663548de7f5cca343f1e0a48d14dcfb0e9eb4e079ec58883b7251539fa10aeb"
dependencies = [
 "build_const",
]

[[package]]
name = "crossbeam-queue"
version = "0.3.6"
source = "registry+https://github.com/rust-lang/crates.io-index"
checksum = "1cd42583b04998a5363558e5f9291ee5a5ff6b49944332103f251e7479a82aa7"
dependencies = [
 "cfg-if",
 "crossbeam-utils",
]

[[package]]
name = "crossbeam-utils"
version = "0.8.11"
source = "registry+https://github.com/rust-lang/crates.io-index"
checksum = "51887d4adc7b564537b15adcfb307936f8075dfcd5f00dde9a9f1d29383682bc"
dependencies = [
 "cfg-if",
]

[[package]]
name = "event-listener"
version = "2.5.3"
source = "registry+https://github.com/rust-lang/crates.io-index"
checksum = "0206175f82b8d6bf6652ff7d71a1e27fd2e4efde587fd368662814d6ec1d9ce0"

[[package]]
name = "fastrand"
version = "1.8.0"
source = "registry+https://github.com/rust-lang/crates.io-index"
checksum = "a7a407cfaa3385c4ae6b23e84623d48c2798d06e3e6a1878f7f59f17b3f86499"
dependencies = [
 "instant",
]

[[package]]
name = "fatfs"
version = "0.3.5"
source = "registry+https://github.com/rust-lang/crates.io-index"
checksum = "e18f80a87439240dac45d927fd8f8081b6f1e34c03e97271189fa8a8c2e96c8f"
dependencies = [
 "bitflags 1.3.2",
 "byteorder",
 "log",
]

[[package]]
name = "fontgen-bugfix"
version = "0.1.0"
dependencies = [
 "phf_bugfix",
 "phf_shared_bugfix",
]

[[package]]
name = "funty"
version = "2.0.0"
source = "registry+https://github.com/rust-lang/crates.io-index"
checksum = "e6d5a32815ae3f33302d95fdcb2ce17862f8c65363dcfd29360480ba1001fc9c"

[[package]]
name = "futures"
version = "0.3.28"
source = "registry+https://github.com/rust-lang/crates.io-index"
checksum = "23342abe12aba583913b2e62f22225ff9c950774065e4bfb61a19cd9770fec40"
dependencies = [
 "futures-channel",
 "futures-core",
 "futures-executor",
 "futures-io",
 "futures-sink",
 "futures-task",
 "futures-util",
]

[[package]]
name = "futures-channel"
version = "0.3.28"
source = "registry+https://github.com/rust-lang/crates.io-index"
checksum = "955518d47e09b25bbebc7a18df10b81f0c766eaf4c4f1cccef2fca5f2a4fb5f2"
dependencies = [
 "futures-core",
 "futures-sink",
]

[[package]]
name = "futures-concurrency"
version = "7.1.0"
source = "registry+https://github.com/rust-lang/crates.io-index"
checksum = "e06f199437c8a435c12ad153c5a1f4e131871cf6f6025585bb15e8cbb414f0dc"
dependencies = [
 "bitvec",
 "futures-core",
 "pin-project",
]

[[package]]
name = "futures-core"
version = "0.3.28"
source = "registry+https://github.com/rust-lang/crates.io-index"
checksum = "4bca583b7e26f571124fe5b7561d49cb2868d79116cfa0eefce955557c6fee8c"

[[package]]
name = "futures-executor"
version = "0.3.28"
source = "registry+https://github.com/rust-lang/crates.io-index"
checksum = "ccecee823288125bd88b4d7f565c9e58e41858e47ab72e8ea2d64e93624386e0"
dependencies = [
 "futures-core",
 "futures-task",
 "futures-util",
]

[[package]]
name = "futures-io"
version = "0.3.28"
source = "registry+https://github.com/rust-lang/crates.io-index"
checksum = "4fff74096e71ed47f8e023204cfd0aa1289cd54ae5430a9523be060cdb849964"

[[package]]
name = "futures-lite"
version = "1.12.0"
source = "registry+https://github.com/rust-lang/crates.io-index"
checksum = "7694489acd39452c77daa48516b894c153f192c3578d5a839b62c58099fcbf48"
dependencies = [
 "fastrand",
 "futures-core",
 "futures-io",
 "memchr",
 "parking",
 "pin-project-lite",
 "waker-fn",
]

[[package]]
name = "futures-macro"
version = "0.3.28"
source = "registry+https://github.com/rust-lang/crates.io-index"
checksum = "89ca545a94061b6365f2c7355b4b32bd20df3ff95f02da9329b34ccc3bd6ee72"
dependencies = [
 "proc-macro2",
 "quote",
 "syn 2.0.18",
]

[[package]]
name = "futures-sink"
version = "0.3.28"
source = "registry+https://github.com/rust-lang/crates.io-index"
checksum = "f43be4fe21a13b9781a69afa4985b0f6ee0e1afab2c6f454a8cf30e2b2237b6e"

[[package]]
name = "futures-task"
version = "0.3.28"
source = "registry+https://github.com/rust-lang/crates.io-index"
checksum = "76d3d132be6c0e6aa1534069c705a74a5997a356c0dc2f86a47765e5617c5b65"

[[package]]
name = "futures-util"
version = "0.3.28"
source = "registry+https://github.com/rust-lang/crates.io-index"
checksum = "26b01e40b772d54cf6c6d721c1d1abd0647a0106a12ecaa1c186273392a69533"
dependencies = [
 "futures-channel",
 "futures-core",
 "futures-io",
 "futures-macro",
 "futures-sink",
 "futures-task",
 "memchr",
 "pin-project-lite",
 "pin-utils",
 "slab",
]

[[package]]
name = "getopts"
version = "0.2.21"
source = "registry+https://github.com/rust-lang/crates.io-index"
checksum = "14dbbfd5c71d70241ecf9e6f13737f7b5ce823821063188d7e46c41d371eebd5"
dependencies = [
 "unicode-width",
]

[[package]]
name = "getrandom"
version = "0.2.8"
source = "registry+https://github.com/rust-lang/crates.io-index"
checksum = "c05aeb6a22b8f62540c194aac980f2115af067bfe15a0734d7277a768d396b31"
dependencies = [
 "cfg-if",
 "libc",
 "wasi",
]

[[package]]
name = "gpt"
version = "3.0.0"
source = "registry+https://github.com/rust-lang/crates.io-index"
checksum = "5dd7365d734a70ac5dd7be791b0c96083852188df015b8c665bb2dadb108a743"
dependencies = [
 "bitflags 1.3.2",
 "crc",
 "log",
 "uuid",
]

[[package]]
name = "hashbrown"
version = "0.12.3"
source = "registry+https://github.com/rust-lang/crates.io-index"
checksum = "8a9ee70c43aaf417c914396645a0fa852624801b24ebb7ae78fe8272889ac888"

[[package]]
name = "hootux"
version = "0.1.0"
dependencies = [
 "acpi",
 "atomic",
 "bitflags 1.3.2",
 "bitmap-fontgen",
 "bootloader_api",
 "conquer-once",
 "crossbeam-queue",
 "fontgen-bugfix",
 "futures-util",
 "kernel-interrupts-proc-macro",
 "lazy_static",
 "linked_list_allocator",
 "log",
 "noto-sans-mono-bitmap",
 "pc-keyboard",
 "pic8259",
 "raw-cpuid",
 "spin 0.9.8",
 "uart_16550",
 "volatile",
 "x86_64",
 "x86_msr",
]

[[package]]
name = "hootux-bin"
version = "0.1.0"
dependencies = [
 "acpi",
 "ahci",
 "bootloader_api",
 "hootux",
 "log",
 "x86_64",
]

[[package]]
name = "hootux-loader"
version = "0.1.0"
dependencies = [
 "bootloader",
 "getopts",
 "hootux",
 "hootux-bin",
 "toml",
]

[[package]]
name = "indexmap"
version = "1.9.2"
source = "registry+https://github.com/rust-lang/crates.io-index"
checksum = "1885e79c1fc4b10f0e172c475f458b7f7b93061064d98c3293e98c5ba0c8b399"
dependencies = [
 "autocfg",
 "hashbrown",
]

[[package]]
name = "instant"
version = "0.1.12"
source = "registry+https://github.com/rust-lang/crates.io-index"
checksum = "7a5bbe824c507c5da5956355e86a746d82e0e1464f65d862cc5e71da70e94b2c"
dependencies = [
 "cfg-if",
]

[[package]]
name = "itoa"
version = "1.0.6"
source = "registry+https://github.com/rust-lang/crates.io-index"
checksum = "453ad9f582a441959e5f0d088b02ce04cfe8d51a8eaf077f12ac6d3e94164ca6"

[[package]]
name = "json"
version = "0.12.4"
source = "registry+https://github.com/rust-lang/crates.io-index"
checksum = "078e285eafdfb6c4b434e0d31e8cfcb5115b651496faca5749b88fafd4f23bfd"

[[package]]
name = "kernel-interrupts-proc-macro"
version = "0.1.0"
dependencies = [
 "quote",
 "syn 1.0.107",
]

[[package]]
name = "lazy_static"
version = "1.4.0"
source = "registry+https://github.com/rust-lang/crates.io-index"
checksum = "e2abad23fbc42b3700f2f279844dc832adb2b2eb069b2df918f455c4e18cc646"
dependencies = [
 "spin 0.5.2",
]

[[package]]
name = "libc"
version = "0.2.140"
source = "registry+https://github.com/rust-lang/crates.io-index"
checksum = "99227334921fae1a979cf0bfdfcc6b3e5ce376ef57e16fb6fb3ea2ed6095f80c"

[[package]]
name = "linked_list_allocator"
version = "0.9.1"
source = "registry+https://github.com/rust-lang/crates.io-index"
checksum = "549ce1740e46b291953c4340adcd74c59bcf4308f4cac050fd33ba91b7168f4a"
dependencies = [
 "spinning_top",
]

[[package]]
name = "llvm-tools"
version = "0.1.1"
source = "registry+https://github.com/rust-lang/crates.io-index"
checksum = "955be5d0ca0465caf127165acb47964f911e2bc26073e865deb8be7189302faf"

[[package]]
name = "loader"
version = "0.1.0"
dependencies = [
 "bootloader-locator",
 "locate-cargo-manifest",
 "runner-utils",
]

[[package]]
name = "locate-cargo-manifest"
version = "0.2.2"
source = "registry+https://github.com/rust-lang/crates.io-index"
checksum = "db985b63431fe09e8d71f50aeceffcc31e720cb86be8dad2f38d084c5a328466"
dependencies = [
 "json",
]

[[package]]
name = "lock_api"
version = "0.4.7"
source = "registry+https://github.com/rust-lang/crates.io-index"
checksum = "327fa5b6a6940e4699ec49a9beae1ea4845c6bab9314e4f84ac68742139d8c53"
dependencies = [
 "autocfg",
 "scopeguard",
]

[[package]]
name = "log"
version = "0.4.20"
source = "registry+https://github.com/rust-lang/crates.io-index"
checksum = "b5e6163cb8c49088c2c36f57875e58ccd8c87c7427f7fbd50ea6710b2f3f2e8f"

[[package]]
name = "mbrman"
version = "0.5.1"
source = "registry+https://github.com/rust-lang/crates.io-index"
checksum = "a4b239f4755d00466e3ac1d55ddeaf77a66c7580352fc6cbc40d56c218fc94a9"
dependencies = [
 "bincode",
 "bitvec",
 "serde",
 "serde-big-array",
 "thiserror",
]

[[package]]
name = "memchr"
version = "2.5.0"
source = "registry+https://github.com/rust-lang/crates.io-index"
checksum = "2dffe52ecf27772e601905b7522cb4ef790d2cc203488bbd0e2fe85fcb74566d"

[[package]]
name = "nom8"
version = "0.2.0"
source = "registry+https://github.com/rust-lang/crates.io-index"
checksum = "ae01545c9c7fc4486ab7debaf2aad7003ac19431791868fb2e8066df97fad2f8"
dependencies = [
 "memchr",
]

[[package]]
name = "noto-sans-mono-bitmap"
version = "0.2.0"
source = "registry+https://github.com/rust-lang/crates.io-index"
checksum = "a27daf9557165efe1d09b52f97393bf6283cadb0a76fbe64a1061e15553a994a"

[[package]]
name = "num_enum"
version = "0.6.1"
source = "registry+https://github.com/rust-lang/crates.io-index"
checksum = "7a015b430d3c108a207fd776d2e2196aaf8b1cf8cf93253e3a097ff3085076a1"
dependencies = [
 "num_enum_derive 0.6.1",
]

[[package]]
name = "num_enum"
version = "0.7.0"
source = "registry+https://github.com/rust-lang/crates.io-index"
checksum = "70bf6736f74634d299d00086f02986875b3c2d924781a6a2cb6c201e73da0ceb"
dependencies = [
 "num_enum_derive 0.7.0",
]

[[package]]
name = "num_enum_derive"
version = "0.6.1"
source = "registry+https://github.com/rust-lang/crates.io-index"
checksum = "96667db765a921f7b295ffee8b60472b686a51d4f21c2ee4ffdb94c7013b65a6"
dependencies = [
 "proc-macro2",
 "quote",
 "syn 2.0.18",
]

[[package]]
name = "num_enum_derive"
version = "0.7.0"
source = "registry+https://github.com/rust-lang/crates.io-index"
checksum = "56ea360eafe1022f7cc56cd7b869ed57330fb2453d0c7831d99b74c65d2f5597"
dependencies = [
 "proc-macro2",
 "quote",
 "syn 2.0.18",
]

[[package]]
name = "parking"
version = "2.0.0"
source = "registry+https://github.com/rust-lang/crates.io-index"
checksum = "427c3892f9e783d91cc128285287e70a59e206ca452770ece88a76f7a3eddd72"

[[package]]
name = "pc-keyboard"
version = "0.5.1"
source = "registry+https://github.com/rust-lang/crates.io-index"
checksum = "5c6f2d937e3b8d63449b01401e2bae4041bc9dd1129c2e3e0d239407cf6635ac"

[[package]]
name = "phf"
version = "0.11.2"
source = "registry+https://github.com/rust-lang/crates.io-index"
checksum = "ade2d8b8f33c7333b51bcf0428d37e217e9f32192ae4772156f65063b8ce03dc"
dependencies = [
 "phf_shared",
]

[[package]]
name = "phf_bugfix"
version = "0.11.2"
dependencies = [
 "phf_shared_bugfix",
]

[[package]]
name = "phf_codegen"
version = "0.11.2"
source = "registry+https://github.com/rust-lang/crates.io-index"
checksum = "e8d39688d359e6b34654d328e262234662d16cc0f60ec8dcbe5e718709342a5a"
dependencies = [
 "phf_generator",
 "phf_shared",
]

[[package]]
name = "phf_generator"
version = "0.11.2"
source = "registry+https://github.com/rust-lang/crates.io-index"
checksum = "48e4cc64c2ad9ebe670cb8fd69dd50ae301650392e81c05f9bfcb2d5bdbc24b0"
dependencies = [
 "phf_shared",
 "rand",
]

[[package]]
name = "phf_shared"
version = "0.11.2"
source = "registry+https://github.com/rust-lang/crates.io-index"
checksum = "90fcb95eef784c2ac79119d1dd819e162b5da872ce6f3c3abe1e8ca1c082f72b"
dependencies = [
 "siphasher",
]

[[package]]
name = "phf_shared_bugfix"
version = "0.11.2"
dependencies = [
 "siphasher",
]

[[package]]
name = "pic8259"
version = "0.10.2"
source = "registry+https://github.com/rust-lang/crates.io-index"
checksum = "24ec21f514e2e16e94649f1d041ca4a7069b512c037ac156360652a775e6229d"
dependencies = [
 "x86_64",
]

[[package]]
name = "pin-project"
version = "1.0.12"
source = "registry+https://github.com/rust-lang/crates.io-index"
checksum = "ad29a609b6bcd67fee905812e544992d216af9d755757c05ed2d0e15a74c6ecc"
dependencies = [
 "pin-project-internal",
]

[[package]]
name = "pin-project-internal"
version = "1.0.12"
source = "registry+https://github.com/rust-lang/crates.io-index"
checksum = "069bdb1e05adc7a8990dce9cc75370895fbe4e3d58b9b73bf1aee56359344a55"
dependencies = [
 "proc-macro2",
 "quote",
 "syn 1.0.107",
]

[[package]]
name = "pin-project-lite"
version = "0.2.9"
source = "registry+https://github.com/rust-lang/crates.io-index"
checksum = "e0a7ae3ac2f1173085d398531c705756c94a4c56843785df85a60c1a0afac116"

[[package]]
name = "pin-utils"
version = "0.1.0"
source = "registry+https://github.com/rust-lang/crates.io-index"
checksum = "8b870d8c151b6f2fb93e84a13146138f05d02ed11c7e7c54f8826aaaf7c9f184"

[[package]]
name = "polling"
version = "2.6.0"
source = "registry+https://github.com/rust-lang/crates.io-index"
checksum = "7e1f879b2998099c2d69ab9605d145d5b661195627eccc680002c4918a7fb6fa"
dependencies = [
 "autocfg",
 "bitflags 1.3.2",
 "cfg-if",
 "concurrent-queue",
 "libc",
 "log",
 "pin-project-lite",
 "windows-sys 0.45.0",
]

[[package]]
name = "proc-macro2"
version = "1.0.60"
source = "registry+https://github.com/rust-lang/crates.io-index"
checksum = "dec2b086b7a862cf4de201096214fa870344cf922b2b30c167badb3af3195406"
dependencies = [
 "unicode-ident",
]

[[package]]
name = "quote"
version = "1.0.28"
source = "registry+https://github.com/rust-lang/crates.io-index"
checksum = "1b9ab9c7eadfd8df19006f1cf1a4aed13540ed5cbc047010ece5826e10825488"
dependencies = [
 "proc-macro2",
]

[[package]]
name = "radium"
version = "0.7.0"
source = "registry+https://github.com/rust-lang/crates.io-index"
checksum = "dc33ff2d4973d518d823d61aa239014831e521c75da58e3df4840d3f47749d09"

[[package]]
name = "rand"
version = "0.8.5"
source = "registry+https://github.com/rust-lang/crates.io-index"
checksum = "34af8d1a0e25924bc5b7c43c079c942339d8f0a8b57c39049bef581b46327404"
dependencies = [
 "rand_core",
]

[[package]]
name = "rand_core"
version = "0.6.4"
source = "registry+https://github.com/rust-lang/crates.io-index"
checksum = "ec0be4795e2f6a28069bec0b5ff3e2ac9bafc99e6a9a7dc3547996c5c816922c"

[[package]]
name = "raw-cpuid"
version = "10.4.0"
source = "registry+https://github.com/rust-lang/crates.io-index"
checksum = "2c49596760fce12ca21550ac21dc5a9617b2ea4b6e0aa7d8dab8ff2824fc2bba"
dependencies = [
 "bitflags 1.3.2",
]

[[package]]
name = "redox_syscall"
version = "0.2.16"
source = "registry+https://github.com/rust-lang/crates.io-index"
checksum = "fb5a58c1855b4b6819d59012155603f0b22ad30cad752600aadfcb695265519a"
dependencies = [
 "bitflags 1.3.2",
]

[[package]]
name = "remove_dir_all"
version = "0.5.3"
source = "registry+https://github.com/rust-lang/crates.io-index"
checksum = "3acd125665422973a33ac9d3dd2df85edad0f4ae9b00dafb1a05e43a9f5ef8e7"
dependencies = [
 "winapi",
]

[[package]]
name = "runner-utils"
version = "0.0.2"
source = "registry+https://github.com/rust-lang/crates.io-index"
checksum = "c9dc6848b056990cd51e72aa5556bdbea4a96013e8b18635d183c84159c2988f"
dependencies = [
 "thiserror",
 "wait-timeout",
]

[[package]]
name = "rustversion"
version = "1.0.9"
source = "registry+https://github.com/rust-lang/crates.io-index"
checksum = "97477e48b4cf8603ad5f7aaf897467cf42ab4218a38ef76fb14c2d6773a6d6a8"

[[package]]
name = "ryu"
version = "1.0.13"
source = "registry+https://github.com/rust-lang/crates.io-index"
checksum = "f91339c0467de62360649f8d3e185ca8de4224ff281f66000de5eb2a77a79041"

[[package]]
name = "scopeguard"
version = "1.1.0"
source = "registry+https://github.com/rust-lang/crates.io-index"
checksum = "d29ab0c6d3fc0ee92fe66e2d99f700eab17a8d57d1c1d3b748380fb20baa78cd"

[[package]]
name = "serde"
version = "1.0.152"
source = "registry+https://github.com/rust-lang/crates.io-index"
checksum = "bb7d1f0d3021d347a83e556fc4683dea2ea09d87bccdf88ff5c12545d89d5efb"
dependencies = [
 "serde_derive",
]

[[package]]
name = "serde-big-array"
version = "0.4.1"
source = "registry+https://github.com/rust-lang/crates.io-index"
checksum = "3323f09a748af288c3dc2474ea6803ee81f118321775bffa3ac8f7e65c5e90e7"
dependencies = [
 "serde",
]

[[package]]
name = "serde_derive"
version = "1.0.152"
source = "registry+https://github.com/rust-lang/crates.io-index"
checksum = "af487d118eecd09402d70a5d72551860e788df87b464af30e5ea6a38c75c541e"
dependencies = [
 "proc-macro2",
 "quote",
 "syn 1.0.107",
]

[[package]]
name = "serde_json"
version = "1.0.94"
source = "registry+https://github.com/rust-lang/crates.io-index"
checksum = "1c533a59c9d8a93a09c6ab31f0fd5e5f4dd1b8fc9434804029839884765d04ea"
dependencies = [
 "itoa",
 "ryu",
 "serde",
]

[[package]]
name = "serde_spanned"
version = "0.6.1"
source = "registry+https://github.com/rust-lang/crates.io-index"
checksum = "0efd8caf556a6cebd3b285caf480045fcc1ac04f6bd786b09a6f11af30c4fcf4"
dependencies = [
 "serde",
]

[[package]]
name = "signal-hook"
version = "0.3.15"
source = "registry+https://github.com/rust-lang/crates.io-index"
checksum = "732768f1176d21d09e076c23a93123d40bba92d50c4058da34d45c8de8e682b9"
dependencies = [
 "libc",
 "signal-hook-registry",
]

[[package]]
name = "signal-hook-registry"
version = "1.4.1"
source = "registry+https://github.com/rust-lang/crates.io-index"
checksum = "d8229b473baa5980ac72ef434c4415e70c4b5e71b423043adb4ba059f89c99a1"
dependencies = [
 "libc",
]

[[package]]
name = "siphasher"
version = "0.3.11"
source = "registry+https://github.com/rust-lang/crates.io-index"
checksum = "38b58827f4464d87d377d175e90bf58eb00fd8716ff0a62f80356b5e61555d0d"

[[package]]
name = "slab"
version = "0.4.8"
source = "registry+https://github.com/rust-lang/crates.io-index"
checksum = "6528351c9bc8ab22353f9d776db39a20288e8d6c37ef8cfe3317cf875eecfc2d"
dependencies = [
 "autocfg",
]

[[package]]
name = "socket2"
version = "0.4.9"
source = "registry+https://github.com/rust-lang/crates.io-index"
checksum = "64a4a911eed85daf18834cfaa86a79b7d266ff93ff5ba14005426219480ed662"
dependencies = [
 "libc",
 "winapi",
]

[[package]]
name = "spin"
version = "0.5.2"
source = "registry+https://github.com/rust-lang/crates.io-index"
checksum = "6e63cff320ae2c57904679ba7cb63280a3dc4613885beafb148ee7bf9aa9042d"

[[package]]
name = "spin"
version = "0.9.8"
source = "registry+https://github.com/rust-lang/crates.io-index"
checksum = "6980e8d7511241f8acf4aebddbb1ff938df5eebe98691418c4468d0b72a96a67"
dependencies = [
 "lock_api",
]

[[package]]
name = "spinning_top"
version = "0.2.4"
source = "registry+https://github.com/rust-lang/crates.io-index"
checksum = "75adad84ee84b521fb2cca2d4fd0f1dab1d8d026bda3c5bea4ca63b5f9f9293c"
dependencies = [
 "lock_api",
]

[[package]]
name = "syn"
version = "1.0.107"
source = "registry+https://github.com/rust-lang/crates.io-index"
checksum = "1f4064b5b16e03ae50984a5a8ed5d4f8803e6bc1fd170a3cda91a1be4b18e3f5"
dependencies = [
 "proc-macro2",
 "quote",
 "unicode-ident",
]

[[package]]
name = "syn"
version = "2.0.18"
source = "registry+https://github.com/rust-lang/crates.io-index"
checksum = "32d41677bcbe24c20c52e7c70b0d8db04134c5d1066bf98662e2871ad200ea3e"
dependencies = [
 "proc-macro2",
 "quote",
 "unicode-ident",
]

[[package]]
name = "tap"
version = "1.0.1"
source = "registry+https://github.com/rust-lang/crates.io-index"
checksum = "55937e1799185b12863d447f42597ed69d9928686b8d88a1df17376a097d8369"

[[package]]
name = "tempfile"
version = "3.3.0"
source = "registry+https://github.com/rust-lang/crates.io-index"
checksum = "5cdb1ef4eaeeaddc8fbd371e5017057064af0911902ef36b39801f67cc6d79e4"
dependencies = [
 "cfg-if",
 "fastrand",
 "libc",
 "redox_syscall",
 "remove_dir_all",
 "winapi",
]

[[package]]
name = "thiserror"
version = "1.0.32"
source = "registry+https://github.com/rust-lang/crates.io-index"
checksum = "f5f6586b7f764adc0231f4c79be7b920e766bb2f3e51b3661cdb263828f19994"
dependencies = [
 "thiserror-impl",
]

[[package]]
name = "thiserror-impl"
version = "1.0.32"
source = "registry+https://github.com/rust-lang/crates.io-index"
checksum = "12bafc5b54507e0149cdf1b145a5d80ab80a90bcd9275df43d4fff68460f6c21"
dependencies = [
 "proc-macro2",
 "quote",
 "syn 1.0.107",
]

[[package]]
name = "toml"
version = "0.7.2"
source = "registry+https://github.com/rust-lang/crates.io-index"
checksum = "f7afcae9e3f0fe2c370fd4657108972cbb2fa9db1b9f84849cefd80741b01cb6"
dependencies = [
 "serde",
 "serde_spanned",
 "toml_datetime",
 "toml_edit",
]

[[package]]
name = "toml_datetime"
version = "0.6.1"
source = "registry+https://github.com/rust-lang/crates.io-index"
checksum = "3ab8ed2edee10b50132aed5f331333428b011c99402b5a534154ed15746f9622"
dependencies = [
 "serde",
]

[[package]]
name = "toml_edit"
version = "0.19.3"
source = "registry+https://github.com/rust-lang/crates.io-index"
checksum = "5e6a7712b49e1775fb9a7b998de6635b299237f48b404dde71704f2e0e7f37e5"
dependencies = [
 "indexmap",
 "nom8",
 "serde",
 "serde_spanned",
 "toml_datetime",
]

[[package]]
name = "uart_16550"
version = "0.2.18"
source = "registry+https://github.com/rust-lang/crates.io-index"
checksum = "b074eb9300ad949edd74c529c0e8d451625af71bb948e6b65fe69f72dc1363d9"
dependencies = [
 "bitflags 1.3.2",
 "rustversion",
 "x86_64",
]

[[package]]
name = "unicode-ident"
version = "1.0.3"
source = "registry+https://github.com/rust-lang/crates.io-index"
checksum = "c4f5b37a154999a8f3f98cc23a628d850e154479cd94decf3414696e12e31aaf"

[[package]]
name = "unicode-width"
version = "0.1.10"
source = "registry+https://github.com/rust-lang/crates.io-index"
checksum = "c0edd1e5b14653f783770bce4a4dabb4a5108a5370a5f5d8cfe8710c361f6c8b"

[[package]]
name = "uuid"
version = "0.8.2"
source = "registry+https://github.com/rust-lang/crates.io-index"
checksum = "bc5cf98d8186244414c848017f0e2676b3fcb46807f6668a97dfe67359a3c4b7"
dependencies = [
 "getrandom",
]

[[package]]
name = "volatile"
version = "0.4.6"
source = "registry+https://github.com/rust-lang/crates.io-index"
checksum = "442887c63f2c839b346c192d047a7c87e73d0689c9157b00b53dcc27dd5ea793"

[[package]]
name = "wait-timeout"
version = "0.2.0"
source = "registry+https://github.com/rust-lang/crates.io-index"
checksum = "9f200f5b12eb75f8c1ed65abd4b2db8a6e1b138a20de009dacee265a2498f3f6"
dependencies = [
 "libc",
]

[[package]]
name = "waker-fn"
version = "1.1.0"
source = "registry+https://github.com/rust-lang/crates.io-index"
checksum = "9d5b2c62b4012a3e1eca5a7e077d13b3bf498c4073e33ccd58626607748ceeca"

[[package]]
name = "wasi"
version = "0.11.0+wasi-snapshot-preview1"
source = "registry+https://github.com/rust-lang/crates.io-index"
checksum = "9c8d87e72b64a3b4db28d11ce29237c246188f4f51057d65a7eab63b7987e423"

[[package]]
name = "winapi"
version = "0.3.9"
source = "registry+https://github.com/rust-lang/crates.io-index"
checksum = "5c839a674fcd7a98952e593242ea400abe93992746761e38641405d28b00f419"
dependencies = [
 "winapi-i686-pc-windows-gnu",
 "winapi-x86_64-pc-windows-gnu",
]

[[package]]
name = "winapi-i686-pc-windows-gnu"
version = "0.4.0"
source = "registry+https://github.com/rust-lang/crates.io-index"
checksum = "ac3b87c63620426dd9b991e5ce0329eff545bccbbb34f3be09ff6fb6ab51b7b6"

[[package]]
name = "winapi-x86_64-pc-windows-gnu"
version = "0.4.0"
source = "registry+https://github.com/rust-lang/crates.io-index"
checksum = "712e227841d057c1ee1cd2fb22fa7e5a5461ae8e48fa2ca79ec42cfc1931183f"

[[package]]
name = "windows-sys"
version = "0.42.0"
source = "registry+https://github.com/rust-lang/crates.io-index"
checksum = "5a3e1820f08b8513f676f7ab6c1f99ff312fb97b553d30ff4dd86f9f15728aa7"
dependencies = [
 "windows_aarch64_gnullvm",
 "windows_aarch64_msvc",
 "windows_i686_gnu",
 "windows_i686_msvc",
 "windows_x86_64_gnu",
 "windows_x86_64_gnullvm",
 "windows_x86_64_msvc",
]

[[package]]
name = "windows-sys"
version = "0.45.0"
source = "registry+https://github.com/rust-lang/crates.io-index"
checksum = "75283be5efb2831d37ea142365f009c02ec203cd29a3ebecbc093d52315b66d0"
dependencies = [
 "windows-targets",
]

[[package]]
name = "windows-targets"
version = "0.42.2"
source = "registry+https://github.com/rust-lang/crates.io-index"
checksum = "8e5180c00cd44c9b1c88adb3693291f1cd93605ded80c250a75d472756b4d071"
dependencies = [
 "windows_aarch64_gnullvm",
 "windows_aarch64_msvc",
 "windows_i686_gnu",
 "windows_i686_msvc",
 "windows_x86_64_gnu",
 "windows_x86_64_gnullvm",
 "windows_x86_64_msvc",
]

[[package]]
name = "windows_aarch64_gnullvm"
version = "0.42.2"
source = "registry+https://github.com/rust-lang/crates.io-index"
checksum = "597a5118570b68bc08d8d59125332c54f1ba9d9adeedeef5b99b02ba2b0698f8"

[[package]]
name = "windows_aarch64_msvc"
version = "0.42.2"
source = "registry+https://github.com/rust-lang/crates.io-index"
checksum = "e08e8864a60f06ef0d0ff4ba04124db8b0fb3be5776a5cd47641e942e58c4d43"

[[package]]
name = "windows_i686_gnu"
version = "0.42.2"
source = "registry+https://github.com/rust-lang/crates.io-index"
checksum = "c61d927d8da41da96a81f029489353e68739737d3beca43145c8afec9a31a84f"

[[package]]
name = "windows_i686_msvc"
version = "0.42.2"
source = "registry+https://github.com/rust-lang/crates.io-index"
checksum = "44d840b6ec649f480a41c8d80f9c65108b92d89345dd94027bfe06ac444d1060"

[[package]]
name = "windows_x86_64_gnu"
version = "0.42.2"
source = "registry+https://github.com/rust-lang/crates.io-index"
checksum = "8de912b8b8feb55c064867cf047dda097f92d51efad5b491dfb98f6bbb70cb36"

[[package]]
name = "windows_x86_64_gnullvm"
version = "0.42.2"
source = "registry+https://github.com/rust-lang/crates.io-index"
checksum = "26d41b46a36d453748aedef1486d5c7a85db22e56aff34643984ea85514e94a3"

[[package]]
name = "windows_x86_64_msvc"
version = "0.42.2"
source = "registry+https://github.com/rust-lang/crates.io-index"
checksum = "9aec5da331524158c6d1a4ac0ab1541149c0b9505fde06423b02f5ef0106b9f0"

[[package]]
name = "wyz"
version = "0.5.1"
source = "registry+https://github.com/rust-lang/crates.io-index"
checksum = "05f360fc0b24296329c78fda852a1e9ae82de9cf7b27dae4b7f62f118f77b9ed"
dependencies = [
 "tap",
]

[[package]]
name = "x86_64"
version = "0.14.10"
source = "registry+https://github.com/rust-lang/crates.io-index"
checksum = "100555a863c0092238c2e0e814c1096c1e5cf066a309c696a87e907b5f8c5d69"
dependencies = [
 "bit_field",
 "bitflags 1.3.2",
 "rustversion",
 "volatile",
]

[[package]]
name = "x86_msr"
version = "0.1.0"
dependencies = [
 "bitflags 1.3.2",
 "lazy_static",
 "num_enum 0.7.0",
 "raw-cpuid",
]
